
Microsoft Visual Studio Solution File, Format Version 12.00
# Visual Studio 15
VisualStudioVersion = 15.0.28010.2041
MinimumVisualStudioVersion = 10.0.40219.1
Project("{FAE04EC0-301F-11D3-BF4B-00C04F79EFBC}") = "WindowsFormsApp1", "WindowsFormsApp1\WindowsFormsApp1.csproj", "{1143CA17-66D7-4187-A781-67AF4693D5EA}"
EndProject
Global
	GlobalSection(SolutionConfigurationPlatforms) = preSolution
		Debug|Any CPU = Debug|Any CPU
		Release|Any CPU = Release|Any CPU
	EndGlobalSection
	GlobalSection(ProjectConfigurationPlatforms) = postSolution
		{1143CA17-66D7-4187-A781-67AF4693D5EA}.Debug|Any CPU.ActiveCfg = Debug|Any CPU
		{1143CA17-66D7-4187-A781-67AF4693D5EA}.Debug|Any CPU.Build.0 = Debug|Any CPU
		{1143CA17-66D7-4187-A781-67AF4693D5EA}.Release|Any CPU.ActiveCfg = Release|Any CPU
		{1143CA17-66D7-4187-A781-67AF4693D5EA}.Release|Any CPU.Build.0 = Release|Any CPU
	EndGlobalSection
	GlobalSection(SolutionProperties) = preSolution
		HideSolutionNode = FALSE
	EndGlobalSection
	GlobalSection(ExtensibilityGlobals) = postSolution
		SolutionGuid = {4EADAFBB-339A-4B91-B823-7B55DD3A763A}
	EndGlobalSection
EndGlobal
