
Microsoft Visual Studio Solution File, Format Version 12.00
# Visual Studio 15
VisualStudioVersion = 15.0.28307.421
MinimumVisualStudioVersion = 10.0.40219.1
Project("{FAE04EC0-301F-11D3-BF4B-00C04F79EFBC}") = "generator hasel", "generator hasel\generator hasel.csproj", "{96525F98-0D31-486A-8AAC-D05C072C2ABF}"
EndProject
Global
	GlobalSection(SolutionConfigurationPlatforms) = preSolution
		Debug|Any CPU = Debug|Any CPU
		Release|Any CPU = Release|Any CPU
	EndGlobalSection
	GlobalSection(ProjectConfigurationPlatforms) = postSolution
		{96525F98-0D31-486A-8AAC-D05C072C2ABF}.Debug|Any CPU.ActiveCfg = Debug|Any CPU
		{96525F98-0D31-486A-8AAC-D05C072C2ABF}.Debug|Any CPU.Build.0 = Debug|Any CPU
		{96525F98-0D31-486A-8AAC-D05C072C2ABF}.Release|Any CPU.ActiveCfg = Release|Any CPU
		{96525F98-0D31-486A-8AAC-D05C072C2ABF}.Release|Any CPU.Build.0 = Release|Any CPU
	EndGlobalSection
	GlobalSection(SolutionProperties) = preSolution
		HideSolutionNode = FALSE
	EndGlobalSection
	GlobalSection(ExtensibilityGlobals) = postSolution
		SolutionGuid = {75E8FD57-C08C-48AC-BFC6-706F569A0EA5}
	EndGlobalSection
EndGlobal
